
Microsoft Visual Studio Solution File, Format Version 12.00
# Visual Studio Version 17
VisualStudioVersion = 17.7.34221.43
MinimumVisualStudioVersion = 10.0.40219.1
Project("{9A19103F-16F7-4668-BE54-9A1E7A4F7556}") = "book-vault", "book-vault\book-vault.csproj", "{0BD1B388-5385-4D3D-8555-55BDB95F0891}"
EndProject
Global
	GlobalSection(SolutionConfigurationPlatforms) = preSolution
		Debug|Any CPU = Debug|Any CPU
		Release|Any CPU = Release|Any CPU
	EndGlobalSection
	GlobalSection(ProjectConfigurationPlatforms) = postSolution
		{0BD1B388-5385-4D3D-8555-55BDB95F0891}.Debug|Any CPU.ActiveCfg = Debug|Any CPU
		{0BD1B388-5385-4D3D-8555-55BDB95F0891}.Debug|Any CPU.Build.0 = Debug|Any CPU
		{0BD1B388-5385-4D3D-8555-55BDB95F0891}.Release|Any CPU.ActiveCfg = Release|Any CPU
		{0BD1B388-5385-4D3D-8555-55BDB95F0891}.Release|Any CPU.Build.0 = Release|Any CPU
	EndGlobalSection
	GlobalSection(SolutionProperties) = preSolution
		HideSolutionNode = FALSE
	EndGlobalSection
	GlobalSection(ExtensibilityGlobals) = postSolution
		SolutionGuid = {57029E0C-242A-41AA-84EE-5E60157A6F10}
	EndGlobalSection
EndGlobal
